{
  "originHash" : "bc7825dd3d07c601270f2be885a6e5d8333bec2f2e7e781a0e4dfb4c3e157463",
  "pins" : [
    {
      "identity" : "ai",
      "kind" : "remoteSourceControl",
      "location" : "https://github.com/PreternaturalAI/AI",
      "state" : {
        "branch" : "main",
        "revision" : "eeda4757abc0c547670364e36699bf23a601a4c8"
      }
    },
    {
      "identity" : "battery",
      "kind" : "remoteSourceControl",
      "location" : "https://github.com/pmanot/Battery",
      "state" : {
        "branch" : "main",
        "revision" : "4e1ae490a9b36c3187657b5bdd727525f1c4de54"
      }
    },
    {
      "identity" : "browser",
      "kind" : "remoteSourceControl",
      "location" : "https://github.com/pmanot/Browser",
      "state" : {
        "branch" : "main",
        "revision" : "45bde43f775b8f92e69284a42143a6b1b432ade4"
      }
    },
    {
      "identity" : "camera",
      "kind" : "remoteSourceControl",
      "location" : "https://github.com/pmanot/camera",
      "state" : {
        "branch" : "main",
        "revision" : "f5f5711ded49567306d57f56c3cb16e1986eaee2"
      }
    },
    {
      "identity" : "corepersistence",
      "kind" : "remoteSourceControl",
      "location" : "https://github.com/vmanot/CorePersistence.git",
      "state" : {
        "branch" : "main",
        "revision" : "2a34aac9103bc1885243f26411143069d55cfa25"
      }
    },
    {
      "identity" : "device",
      "kind" : "remoteSourceControl",
      "location" : "https://github.com/pmanot/device",
      "state" : {
        "branch" : "main",
        "revision" : "809c193069fdc2fd7c366fdfdca9c38338ff0121"
      }
    },
    {
      "identity" : "merge",
      "kind" : "remoteSourceControl",
      "location" : "https://github.com/vmanot/Merge.git",
      "state" : {
        "branch" : "master",
        "revision" : "c47d61fa0659c747fb0719ba3882c34a3d79141b"
      }
    },
    {
      "identity" : "networkkit",
      "kind" : "remoteSourceControl",
      "location" : "https://github.com/vmanot/NetworkKit.git",
      "state" : {
        "branch" : "master",
        "revision" : "470af0276c2aa6e61acff22acc14c7ca30b99cbc"
      }
    },
    {
      "identity" : "swallow",
      "kind" : "remoteSourceControl",
      "location" : "https://github.com/vmanot/Swallow.git",
      "state" : {
        "branch" : "master",
        "revision" : "fd8b7c325d427604b09e2b11c2263227aeb42784"
      }
    },
    {
      "identity" : "swift-atomics",
      "kind" : "remoteSourceControl",
      "location" : "https://github.com/apple/swift-atomics.git",
      "state" : {
        "revision" : "cd142fd2f64be2100422d658e7411e39489da985",
        "version" : "1.2.0"
      }
    },
    {
      "identity" : "swift-collections",
      "kind" : "remoteSourceControl",
      "location" : "https://github.com/apple/swift-collections",
      "state" : {
        "revision" : "671108c96644956dddcd89dd59c203dcdb36cec7",
        "version" : "1.1.4"
      }
    },
    {
      "identity" : "swift-syntax",
      "kind" : "remoteSourceControl",
      "location" : "https://github.com/swift-precompiled/swift-syntax",
      "state" : {
        "branch" : "release/6.1",
        "revision" : "fc197a24fb2e77609fbe3d94624e36f84d758099"
      }
    },
    {
      "identity" : "swift-system",
      "kind" : "remoteSourceControl",
      "location" : "https://github.com/apple/swift-system.git",
      "state" : {
        "revision" : "a34201439c74b53f0fd71ef11741af7e7caf01e1",
        "version" : "1.4.2"
      }
    },
    {
      "identity" : "swiftapi",
      "kind" : "remoteSourceControl",
      "location" : "https://github.com/vmanot/SwiftAPI.git",
      "state" : {
        "branch" : "master",
        "revision" : "3e47cc5f9b0cefe9ed1d0971aff22583bd9ac7b0"
      }
    },
    {
      "identity" : "swiftui-introspect",
      "kind" : "remoteSourceControl",
      "location" : "https://github.com/siteline/SwiftUI-Introspect.git",
      "state" : {
        "revision" : "807f73ce09a9b9723f12385e592b4e0aaebd3336",
        "version" : "1.3.0"
      }
    },
    {
      "identity" : "swiftuix",
      "kind" : "remoteSourceControl",
      "location" : "https://github.com/SwiftUIX/SwiftUIX.git",
      "state" : {
        "branch" : "master",
        "revision" : "395a5d03834ab762919d3f1414ff3b4a3ef04688"
      }
    },
    {
      "identity" : "swiftuiz",
      "kind" : "remoteSourceControl",
      "location" : "https://github.com/SwiftUIX/SwiftUIZ.git",
      "state" : {
        "branch" : "main",
        "revision" : "3b1eb4815906955142c213b9f3e9825585d6d38c"
      }
    },
    {
      "identity" : "web-url",
      "kind" : "remoteSourceControl",
      "location" : "https://github.com/pmanot/web-url",
      "state" : {
        "branch" : "main",
        "revision" : "9306a962396a50d7d88e924afcd7ec67226763db"
      }
    }
  ],
  "version" : 3
}
