// !$*UTF8*$!
{
	archiveVersion = 1;
	classes = {
	};
	objectVersion = 56;
	objects = {

/* Begin PBXBuildFile section */
		980FBD182DCB65C70035C48B /* Camera in Frameworks */ = {isa = PBXBuildFile; productRef = 980FBD172DCB65C70035C48B /* Camera */; };
		980FBE892DCD82D70035C48B /* Media in Frameworks */ = {isa = PBXBuildFile; productRef = 980FBE882DCD82D70035C48B /* Media */; };
		9813EAAF2C42DCA2003CEAF5 /* Device in Frameworks */ = {isa = PBXBuildFile; productRef = 9813EAAE2C42DCA2003CEAF5 /* Device */; };
		9813EAB62C42E7D5003CEAF5 /* LLM.swift in Sources */ = {isa = PBXBuildFile; fileRef = 9813EAB52C42E7D5003CEAF5 /* LLM.swift */; };
		9813EABB2C4321CF003CEAF5 /* SearchBar.swift in Sources */ = {isa = PBXBuildFile; fileRef = 9813EABA2C4321CF003CEAF5 /* SearchBar.swift */; };
		9813EABE2C437C2C003CEAF5 /* ComponentCategory.swift in Sources */ = {isa = PBXBuildFile; fileRef = 9813EABD2C437C2C003CEAF5 /* ComponentCategory.swift */; };
		9883A6DC2C42B813002B03F2 /* CompendiumApp.swift in Sources */ = {isa = PBXBuildFile; fileRef = 9883A6DB2C42B813002B03F2 /* CompendiumApp.swift */; };
		9883A6DE2C42B813002B03F2 /* ContentView.swift in Sources */ = {isa = PBXBuildFile; fileRef = 9883A6DD2C42B813002B03F2 /* ContentView.swift */; };
		9883A6E02C42B815002B03F2 /* Assets.xcassets in Resources */ = {isa = PBXBuildFile; fileRef = 9883A6DF2C42B815002B03F2 /* Assets.xcassets */; };
		9883A6E42C42B815002B03F2 /* Preview Assets.xcassets in Resources */ = {isa = PBXBuildFile; fileRef = 9883A6E32C42B815002B03F2 /* Preview Assets.xcassets */; };
		9883A6EC2C42B836002B03F2 /* AI in Frameworks */ = {isa = PBXBuildFile; productRef = 9883A6EB2C42B836002B03F2 /* AI */; };
		9883A6EE2C42B836002B03F2 /* Anthropic in Frameworks */ = {isa = PBXBuildFile; productRef = 9883A6ED2C42B836002B03F2 /* Anthropic */; };
		9883A6F02C42B836002B03F2 /* OpenAI in Frameworks */ = {isa = PBXBuildFile; productRef = 9883A6EF2C42B836002B03F2 /* OpenAI */; };
		9883A6F42C42B85F002B03F2 /* OpenAI+Extensions.swift in Sources */ = {isa = PBXBuildFile; fileRef = 9883A6F12C42B85F002B03F2 /* OpenAI+Extensions.swift */; };
		9883A6F52C42B85F002B03F2 /* SearchEngine.swift in Sources */ = {isa = PBXBuildFile; fileRef = 9883A6F22C42B85F002B03F2 /* SearchEngine.swift */; };
		9883A6F62C42B85F002B03F2 /* URL+Extensions.swift in Sources */ = {isa = PBXBuildFile; fileRef = 9883A6F32C42B85F002B03F2 /* URL+Extensions.swift */; };
		9883A6F92C42B8B2002B03F2 /* Browser in Frameworks */ = {isa = PBXBuildFile; productRef = 9883A6F82C42B8B2002B03F2 /* Browser */; };
		98A1C9262C43DD07006A675D /* ComponentDetailView.swift in Sources */ = {isa = PBXBuildFile; fileRef = 98A1C9252C43DD07006A675D /* ComponentDetailView.swift */; };
		98A493392C471C6600139144 /* ItemCollectionView.swift in Sources */ = {isa = PBXBuildFile; fileRef = 98A493382C471C6600139144 /* ItemCollectionView.swift */; };
/* End PBXBuildFile section */

/* Begin PBXFileReference section */
		9813EAB52C42E7D5003CEAF5 /* LLM.swift */ = {isa = PBXFileReference; lastKnownFileType = sourcecode.swift; path = LLM.swift; sourceTree = "<group>"; };
		9813EABA2C4321CF003CEAF5 /* SearchBar.swift */ = {isa = PBXFileReference; fileEncoding = 4; lastKnownFileType = sourcecode.swift; path = SearchBar.swift; sourceTree = "<group>"; };
		9813EABD2C437C2C003CEAF5 /* ComponentCategory.swift */ = {isa = PBXFileReference; lastKnownFileType = sourcecode.swift; path = ComponentCategory.swift; sourceTree = "<group>"; };
		9883A6D82C42B813002B03F2 /* Compendium.app */ = {isa = PBXFileReference; explicitFileType = wrapper.application; includeInIndex = 0; path = Compendium.app; sourceTree = BUILT_PRODUCTS_DIR; };
		9883A6DB2C42B813002B03F2 /* CompendiumApp.swift */ = {isa = PBXFileReference; lastKnownFileType = sourcecode.swift; path = CompendiumApp.swift; sourceTree = "<group>"; };
		9883A6DD2C42B813002B03F2 /* ContentView.swift */ = {isa = PBXFileReference; lastKnownFileType = sourcecode.swift; path = ContentView.swift; sourceTree = "<group>"; };
		9883A6DF2C42B815002B03F2 /* Assets.xcassets */ = {isa = PBXFileReference; lastKnownFileType = folder.assetcatalog; path = Assets.xcassets; sourceTree = "<group>"; };
		9883A6E12C42B815002B03F2 /* Compendium.entitlements */ = {isa = PBXFileReference; lastKnownFileType = text.plist.entitlements; path = Compendium.entitlements; sourceTree = "<group>"; };
		9883A6E32C42B815002B03F2 /* Preview Assets.xcassets */ = {isa = PBXFileReference; lastKnownFileType = folder.assetcatalog; path = "Preview Assets.xcassets"; sourceTree = "<group>"; };
		9883A6F12C42B85F002B03F2 /* OpenAI+Extensions.swift */ = {isa = PBXFileReference; fileEncoding = 4; lastKnownFileType = sourcecode.swift; path = "OpenAI+Extensions.swift"; sourceTree = "<group>"; };
		9883A6F22C42B85F002B03F2 /* SearchEngine.swift */ = {isa = PBXFileReference; fileEncoding = 4; lastKnownFileType = sourcecode.swift; path = SearchEngine.swift; sourceTree = "<group>"; };
		9883A6F32C42B85F002B03F2 /* URL+Extensions.swift */ = {isa = PBXFileReference; fileEncoding = 4; lastKnownFileType = sourcecode.swift; path = "URL+Extensions.swift"; sourceTree = "<group>"; };
		98A1C9252C43DD07006A675D /* ComponentDetailView.swift */ = {isa = PBXFileReference; lastKnownFileType = sourcecode.swift; path = ComponentDetailView.swift; sourceTree = "<group>"; };
		98A493382C471C6600139144 /* ItemCollectionView.swift */ = {isa = PBXFileReference; lastKnownFileType = sourcecode.swift; path = ItemCollectionView.swift; sourceTree = "<group>"; };
/* End PBXFileReference section */

/* Begin PBXFrameworksBuildPhase section */
		9883A6D52C42B813002B03F2 /* Frameworks */ = {
			isa = PBXFrameworksBuildPhase;
			buildActionMask = 2147483647;
			files = (
				9813EAAF2C42DCA2003CEAF5 /* Device in Frameworks */,
				980FBE892DCD82D70035C48B /* Media in Frameworks */,
				980FBD182DCB65C70035C48B /* Camera in Frameworks */,
				9883A6EC2C42B836002B03F2 /* AI in Frameworks */,
				9883A6F02C42B836002B03F2 /* OpenAI in Frameworks */,
				9883A6EE2C42B836002B03F2 /* Anthropic in Frameworks */,
				9883A6F92C42B8B2002B03F2 /* Browser in Frameworks */,
			);
			runOnlyForDeploymentPostprocessing = 0;
		};
/* End PBXFrameworksBuildPhase section */

/* Begin PBXGroup section */
		9813EAB72C42E7DA003CEAF5 /* Views */ = {
			isa = PBXGroup;
			children = (
				9883A6DD2C42B813002B03F2 /* ContentView.swift */,
				98A493382C471C6600139144 /* ItemCollectionView.swift */,
				9813EABA2C4321CF003CEAF5 /* SearchBar.swift */,
				98A1C9252C43DD07006A675D /* ComponentDetailView.swift */,
			);
			path = Views;
			sourceTree = "<group>";
		};
		9883A6CF2C42B813002B03F2 = {
			isa = PBXGroup;
			children = (
				9883A6DA2C42B813002B03F2 /* Compendium */,
				9883A6D92C42B813002B03F2 /* Products */,
				98B98DF42C42D11F00619294 /* Frameworks */,
			);
			sourceTree = "<group>";
		};
		9883A6D92C42B813002B03F2 /* Products */ = {
			isa = PBXGroup;
			children = (
				9883A6D82C42B813002B03F2 /* Compendium.app */,
			);
			name = Products;
			sourceTree = "<group>";
		};
		9883A6DA2C42B813002B03F2 /* Compendium */ = {
			isa = PBXGroup;
			children = (
				9883A6DB2C42B813002B03F2 /* CompendiumApp.swift */,
				98A1C9232C43DC90006A675D /* Extensions */,
				9813EAB72C42E7DA003CEAF5 /* Views */,
				9813EAB52C42E7D5003CEAF5 /* LLM.swift */,
				9813EABD2C437C2C003CEAF5 /* ComponentCategory.swift */,
				9883A6F22C42B85F002B03F2 /* SearchEngine.swift */,
				9883A6DF2C42B815002B03F2 /* Assets.xcassets */,
				9883A6E12C42B815002B03F2 /* Compendium.entitlements */,
				9883A6E22C42B815002B03F2 /* Preview Content */,
			);
			path = Compendium;
			sourceTree = "<group>";
		};
		9883A6E22C42B815002B03F2 /* Preview Content */ = {
			isa = PBXGroup;
			children = (
				9883A6E32C42B815002B03F2 /* Preview Assets.xcassets */,
			);
			path = "Preview Content";
			sourceTree = "<group>";
		};
		98A1C9232C43DC90006A675D /* Extensions */ = {
			isa = PBXGroup;
			children = (
				9883A6F12C42B85F002B03F2 /* OpenAI+Extensions.swift */,
				9883A6F32C42B85F002B03F2 /* URL+Extensions.swift */,
			);
			path = Extensions;
			sourceTree = "<group>";
		};
		98B98DF42C42D11F00619294 /* Frameworks */ = {
			isa = PBXGroup;
			children = (
			);
			name = Frameworks;
			sourceTree = "<group>";
		};
/* End PBXGroup section */

/* Begin PBXNativeTarget section */
		9883A6D72C42B813002B03F2 /* Compendium */ = {
			isa = PBXNativeTarget;
			buildConfigurationList = 9883A6E72C42B815002B03F2 /* Build configuration list for PBXNativeTarget "Compendium" */;
			buildPhases = (
				9883A6D42C42B813002B03F2 /* Sources */,
				9883A6D52C42B813002B03F2 /* Frameworks */,
				9883A6D62C42B813002B03F2 /* Resources */,
			);
			buildRules = (
			);
			dependencies = (
			);
			name = Compendium;
			packageProductDependencies = (
				9883A6EB2C42B836002B03F2 /* AI */,
				9883A6ED2C42B836002B03F2 /* Anthropic */,
				9883A6EF2C42B836002B03F2 /* OpenAI */,
				9883A6F82C42B8B2002B03F2 /* Browser */,
				9813EAAE2C42DCA2003CEAF5 /* Device */,
				980FBD172DCB65C70035C48B /* Camera */,
				980FBE882DCD82D70035C48B /* Media */,
			);
			productName = Compendium;
			productReference = 9883A6D82C42B813002B03F2 /* Compendium.app */;
			productType = "com.apple.product-type.application";
		};
/* End PBXNativeTarget section */

/* Begin PBXProject section */
		9883A6D02C42B813002B03F2 /* Project object */ = {
			isa = PBXProject;
			attributes = {
				BuildIndependentTargetsInParallel = 1;
				LastSwiftUpdateCheck = 1530;
				LastUpgradeCheck = 1630;
				TargetAttributes = {
					9883A6D72C42B813002B03F2 = {
						CreatedOnToolsVersion = 15.3;
					};
				};
			};
			buildConfigurationList = 9883A6D32C42B813002B03F2 /* Build configuration list for PBXProject "Compendium" */;
			compatibilityVersion = "Xcode 14.0";
			developmentRegion = en;
			hasScannedForEncodings = 0;
			knownRegions = (
				en,
				Base,
			);
			mainGroup = 9883A6CF2C42B813002B03F2;
			packageReferences = (
				9883A6EA2C42B836002B03F2 /* XCRemoteSwiftPackageReference "AI" */,
				9883A6F72C42B8B2002B03F2 /* XCRemoteSwiftPackageReference "Browser" */,
				9813EAAD2C42DCA2003CEAF5 /* XCRemoteSwiftPackageReference "device" */,
				980FBD162DCB65C70035C48B /* XCRemoteSwiftPackageReference "camera" */,
				980FBE872DCD82D70035C48B /* XCRemoteSwiftPackageReference "Media" */,
			);
			productRefGroup = 9883A6D92C42B813002B03F2 /* Products */;
			projectDirPath = "";
			projectRoot = "";
			targets = (
				9883A6D72C42B813002B03F2 /* Compendium */,
			);
		};
/* End PBXProject section */

/* Begin PBXResourcesBuildPhase section */
		9883A6D62C42B813002B03F2 /* Resources */ = {
			isa = PBXResourcesBuildPhase;
			buildActionMask = 2147483647;
			files = (
				9883A6E42C42B815002B03F2 /* Preview Assets.xcassets in Resources */,
				9883A6E02C42B815002B03F2 /* Assets.xcassets in Resources */,
			);
			runOnlyForDeploymentPostprocessing = 0;
		};
/* End PBXResourcesBuildPhase section */

/* Begin PBXSourcesBuildPhase section */
		9883A6D42C42B813002B03F2 /* Sources */ = {
			isa = PBXSourcesBuildPhase;
			buildActionMask = 2147483647;
			files = (
				9813EABE2C437C2C003CEAF5 /* ComponentCategory.swift in Sources */,
				98A493392C471C6600139144 /* ItemCollectionView.swift in Sources */,
				9883A6F42C42B85F002B03F2 /* OpenAI+Extensions.swift in Sources */,
				9813EAB62C42E7D5003CEAF5 /* LLM.swift in Sources */,
				98A1C9262C43DD07006A675D /* ComponentDetailView.swift in Sources */,
				9883A6F52C42B85F002B03F2 /* SearchEngine.swift in Sources */,
				9883A6F62C42B85F002B03F2 /* URL+Extensions.swift in Sources */,
				9813EABB2C4321CF003CEAF5 /* SearchBar.swift in Sources */,
				9883A6DE2C42B813002B03F2 /* ContentView.swift in Sources */,
				9883A6DC2C42B813002B03F2 /* CompendiumApp.swift in Sources */,
			);
			runOnlyForDeploymentPostprocessing = 0;
		};
/* End PBXSourcesBuildPhase section */

/* Begin XCBuildConfiguration section */
		9883A6E52C42B815002B03F2 /* Debug */ = {
			isa = XCBuildConfiguration;
			buildSettings = {
				ALWAYS_SEARCH_USER_PATHS = NO;
				ASSETCATALOG_COMPILER_GENERATE_SWIFT_ASSET_SYMBOL_EXTENSIONS = YES;
				CLANG_ANALYZER_NONNULL = YES;
				CLANG_ANALYZER_NUMBER_OBJECT_CONVERSION = YES_AGGRESSIVE;
				CLANG_CXX_LANGUAGE_STANDARD = "gnu++20";
				CLANG_ENABLE_MODULES = YES;
				CLANG_ENABLE_OBJC_ARC = YES;
				CLANG_ENABLE_OBJC_WEAK = YES;
				CLANG_WARN_BLOCK_CAPTURE_AUTORELEASING = YES;
				CLANG_WARN_BOOL_CONVERSION = YES;
				CLANG_WARN_COMMA = YES;
				CLANG_WARN_CONSTANT_CONVERSION = YES;
				CLANG_WARN_DEPRECATED_OBJC_IMPLEMENTATIONS = YES;
				CLANG_WARN_DIRECT_OBJC_ISA_USAGE = YES_ERROR;
				CLANG_WARN_DOCUMENTATION_COMMENTS = YES;
				CLANG_WARN_EMPTY_BODY = YES;
				CLANG_WARN_ENUM_CONVERSION = YES;
				CLANG_WARN_INFINITE_RECURSION = YES;
				CLANG_WARN_INT_CONVERSION = YES;
				CLANG_WARN_NON_LITERAL_NULL_CONVERSION = YES;
				CLANG_WARN_OBJC_IMPLICIT_RETAIN_SELF = YES;
				CLANG_WARN_OBJC_LITERAL_CONVERSION = YES;
				CLANG_WARN_OBJC_ROOT_CLASS = YES_ERROR;
				CLANG_WARN_QUOTED_INCLUDE_IN_FRAMEWORK_HEADER = YES;
				CLANG_WARN_RANGE_LOOP_ANALYSIS = YES;
				CLANG_WARN_STRICT_PROTOTYPES = YES;
				CLANG_WARN_SUSPICIOUS_MOVE = YES;
				CLANG_WARN_UNGUARDED_AVAILABILITY = YES_AGGRESSIVE;
				CLANG_WARN_UNREACHABLE_CODE = YES;
				CLANG_WARN__DUPLICATE_METHOD_MATCH = YES;
				COPY_PHASE_STRIP = NO;
				DEAD_CODE_STRIPPING = YES;
				DEBUG_INFORMATION_FORMAT = dwarf;
				DEVELOPMENT_TEAM = 4TRFJN4JM2;
				ENABLE_STRICT_OBJC_MSGSEND = YES;
				ENABLE_TESTABILITY = YES;
				ENABLE_USER_SCRIPT_SANDBOXING = YES;
				GCC_C_LANGUAGE_STANDARD = gnu17;
				GCC_DYNAMIC_NO_PIC = NO;
				GCC_NO_COMMON_BLOCKS = YES;
				GCC_OPTIMIZATION_LEVEL = 0;
				GCC_PREPROCESSOR_DEFINITIONS = (
					"DEBUG=1",
					"$(inherited)",
				);
				GCC_WARN_64_TO_32_BIT_CONVERSION = YES;
				GCC_WARN_ABOUT_RETURN_TYPE = YES_ERROR;
				GCC_WARN_UNDECLARED_SELECTOR = YES;
				GCC_WARN_UNINITIALIZED_AUTOS = YES_AGGRESSIVE;
				GCC_WARN_UNUSED_FUNCTION = YES;
				GCC_WARN_UNUSED_VARIABLE = YES;
				IPHONEOS_DEPLOYMENT_TARGET = 17.0;
				LOCALIZATION_PREFERS_STRING_CATALOGS = YES;
				MACOSX_DEPLOYMENT_TARGET = 14.0;
				MTL_ENABLE_DEBUG_INFO = INCLUDE_SOURCE;
				MTL_FAST_MATH = YES;
				ONLY_ACTIVE_ARCH = YES;
				SWIFT_ACTIVE_COMPILATION_CONDITIONS = "DEBUG $(inherited)";
				SWIFT_OPTIMIZATION_LEVEL = "-Onone";
			};
			name = Debug;
		};
		9883A6E62C42B815002B03F2 /* Release */ = {
			isa = XCBuildConfiguration;
			buildSettings = {
				ALWAYS_SEARCH_USER_PATHS = NO;
				ASSETCATALOG_COMPILER_GENERATE_SWIFT_ASSET_SYMBOL_EXTENSIONS = YES;
				CLANG_ANALYZER_NONNULL = YES;
				CLANG_ANALYZER_NUMBER_OBJECT_CONVERSION = YES_AGGRESSIVE;
				CLANG_CXX_LANGUAGE_STANDARD = "gnu++20";
				CLANG_ENABLE_MODULES = YES;
				CLANG_ENABLE_OBJC_ARC = YES;
				CLANG_ENABLE_OBJC_WEAK = YES;
				CLANG_WARN_BLOCK_CAPTURE_AUTORELEASING = YES;
				CLANG_WARN_BOOL_CONVERSION = YES;
				CLANG_WARN_COMMA = YES;
				CLANG_WARN_CONSTANT_CONVERSION = YES;
				CLANG_WARN_DEPRECATED_OBJC_IMPLEMENTATIONS = YES;
				CLANG_WARN_DIRECT_OBJC_ISA_USAGE = YES_ERROR;
				CLANG_WARN_DOCUMENTATION_COMMENTS = YES;
				CLANG_WARN_EMPTY_BODY = YES;
				CLANG_WARN_ENUM_CONVERSION = YES;
				CLANG_WARN_INFINITE_RECURSION = YES;
				CLANG_WARN_INT_CONVERSION = YES;
				CLANG_WARN_NON_LITERAL_NULL_CONVERSION = YES;
				CLANG_WARN_OBJC_IMPLICIT_RETAIN_SELF = YES;
				CLANG_WARN_OBJC_LITERAL_CONVERSION = YES;
				CLANG_WARN_OBJC_ROOT_CLASS = YES_ERROR;
				CLANG_WARN_QUOTED_INCLUDE_IN_FRAMEWORK_HEADER = YES;
				CLANG_WARN_RANGE_LOOP_ANALYSIS = YES;
				CLANG_WARN_STRICT_PROTOTYPES = YES;
				CLANG_WARN_SUSPICIOUS_MOVE = YES;
				CLANG_WARN_UNGUARDED_AVAILABILITY = YES_AGGRESSIVE;
				CLANG_WARN_UNREACHABLE_CODE = YES;
				CLANG_WARN__DUPLICATE_METHOD_MATCH = YES;
				COPY_PHASE_STRIP = NO;
				DEAD_CODE_STRIPPING = YES;
				DEBUG_INFORMATION_FORMAT = "dwarf-with-dsym";
				DEVELOPMENT_TEAM = 4TRFJN4JM2;
				ENABLE_NS_ASSERTIONS = NO;
				ENABLE_STRICT_OBJC_MSGSEND = YES;
				ENABLE_USER_SCRIPT_SANDBOXING = YES;
				GCC_C_LANGUAGE_STANDARD = gnu17;
				GCC_NO_COMMON_BLOCKS = YES;
				GCC_WARN_64_TO_32_BIT_CONVERSION = YES;
				GCC_WARN_ABOUT_RETURN_TYPE = YES_ERROR;
				GCC_WARN_UNDECLARED_SELECTOR = YES;
				GCC_WARN_UNINITIALIZED_AUTOS = YES_AGGRESSIVE;
				GCC_WARN_UNUSED_FUNCTION = YES;
				GCC_WARN_UNUSED_VARIABLE = YES;
				IPHONEOS_DEPLOYMENT_TARGET = 17.0;
				LOCALIZATION_PREFERS_STRING_CATALOGS = YES;
				MACOSX_DEPLOYMENT_TARGET = 14.0;
				MTL_ENABLE_DEBUG_INFO = NO;
				MTL_FAST_MATH = YES;
				SWIFT_COMPILATION_MODE = wholemodule;
			};
			name = Release;
		};
		9883A6E82C42B815002B03F2 /* Debug */ = {
			isa = XCBuildConfiguration;
			buildSettings = {
				ASSETCATALOG_COMPILER_APPICON_NAME = AppIcon;
				ASSETCATALOG_COMPILER_GLOBAL_ACCENT_COLOR_NAME = AccentColor;
				CODE_SIGN_ENTITLEMENTS = Compendium/Compendium.entitlements;
				CODE_SIGN_STYLE = Automatic;
				CURRENT_PROJECT_VERSION = 1;
				DEAD_CODE_STRIPPING = YES;
				DEVELOPMENT_ASSET_PATHS = "\"Compendium/Preview Content\"";
				ENABLE_HARDENED_RUNTIME = YES;
				ENABLE_PREVIEWS = YES;
				GENERATE_INFOPLIST_FILE = YES;
				INFOPLIST_KEY_NSCameraUsageDescription = _;
				INFOPLIST_KEY_NSMicrophoneUsageDescription = _;
				"INFOPLIST_KEY_UIApplicationSceneManifest_Generation[sdk=iphoneos*]" = YES;
				"INFOPLIST_KEY_UIApplicationSceneManifest_Generation[sdk=iphonesimulator*]" = YES;
				"INFOPLIST_KEY_UIApplicationSupportsIndirectInputEvents[sdk=iphoneos*]" = YES;
				"INFOPLIST_KEY_UIApplicationSupportsIndirectInputEvents[sdk=iphonesimulator*]" = YES;
				"INFOPLIST_KEY_UILaunchScreen_Generation[sdk=iphoneos*]" = YES;
				"INFOPLIST_KEY_UILaunchScreen_Generation[sdk=iphonesimulator*]" = YES;
				"INFOPLIST_KEY_UIStatusBarStyle[sdk=iphoneos*]" = UIStatusBarStyleDefault;
				"INFOPLIST_KEY_UIStatusBarStyle[sdk=iphonesimulator*]" = UIStatusBarStyleDefault;
				INFOPLIST_KEY_UISupportedInterfaceOrientations_iPad = "UIInterfaceOrientationPortrait UIInterfaceOrientationPortraitUpsideDown UIInterfaceOrientationLandscapeLeft UIInterfaceOrientationLandscapeRight";
				INFOPLIST_KEY_UISupportedInterfaceOrientations_iPhone = "UIInterfaceOrientationPortrait UIInterfaceOrientationLandscapeLeft UIInterfaceOrientationLandscapeRight";
				IPHONEOS_DEPLOYMENT_TARGET = 18.0;
				LD_RUNPATH_SEARCH_PATHS = "@executable_path/Frameworks";
				"LD_RUNPATH_SEARCH_PATHS[sdk=macosx*]" = "@executable_path/../Frameworks";
				MACOSX_DEPLOYMENT_TARGET = 14.0;
				MARKETING_VERSION = 1.0;
				PRODUCT_BUNDLE_IDENTIFIER = com.pmanot.Compendium;
				PRODUCT_NAME = "$(TARGET_NAME)";
				SDKROOT = auto;
				SUPPORTED_PLATFORMS = "iphoneos iphonesimulator macosx";
				SWIFT_EMIT_LOC_STRINGS = YES;
				SWIFT_VERSION = 5.0;
				TARGETED_DEVICE_FAMILY = "1,2";
			};
			name = Debug;
		};
		9883A6E92C42B815002B03F2 /* Release */ = {
			isa = XCBuildConfiguration;
			buildSettings = {
				ASSETCATALOG_COMPILER_APPICON_NAME = AppIcon;
				ASSETCATALOG_COMPILER_GLOBAL_ACCENT_COLOR_NAME = AccentColor;
				CODE_SIGN_ENTITLEMENTS = Compendium/Compendium.entitlements;
				CODE_SIGN_STYLE = Automatic;
				CURRENT_PROJECT_VERSION = 1;
				DEAD_CODE_STRIPPING = YES;
				DEVELOPMENT_ASSET_PATHS = "\"Compendium/Preview Content\"";
				ENABLE_HARDENED_RUNTIME = YES;
				ENABLE_PREVIEWS = YES;
				GENERATE_INFOPLIST_FILE = YES;
				INFOPLIST_KEY_NSCameraUsageDescription = _;
				INFOPLIST_KEY_NSMicrophoneUsageDescription = _;
				"INFOPLIST_KEY_UIApplicationSceneManifest_Generation[sdk=iphoneos*]" = YES;
				"INFOPLIST_KEY_UIApplicationSceneManifest_Generation[sdk=iphonesimulator*]" = YES;
				"INFOPLIST_KEY_UIApplicationSupportsIndirectInputEvents[sdk=iphoneos*]" = YES;
				"INFOPLIST_KEY_UIApplicationSupportsIndirectInputEvents[sdk=iphonesimulator*]" = YES;
				"INFOPLIST_KEY_UILaunchScreen_Generation[sdk=iphoneos*]" = YES;
				"INFOPLIST_KEY_UILaunchScreen_Generation[sdk=iphonesimulator*]" = YES;
				"INFOPLIST_KEY_UIStatusBarStyle[sdk=iphoneos*]" = UIStatusBarStyleDefault;
				"INFOPLIST_KEY_UIStatusBarStyle[sdk=iphonesimulator*]" = UIStatusBarStyleDefault;
				INFOPLIST_KEY_UISupportedInterfaceOrientations_iPad = "UIInterfaceOrientationPortrait UIInterfaceOrientationPortraitUpsideDown UIInterfaceOrientationLandscapeLeft UIInterfaceOrientationLandscapeRight";
				INFOPLIST_KEY_UISupportedInterfaceOrientations_iPhone = "UIInterfaceOrientationPortrait UIInterfaceOrientationLandscapeLeft UIInterfaceOrientationLandscapeRight";
				IPHONEOS_DEPLOYMENT_TARGET = 18.0;
				LD_RUNPATH_SEARCH_PATHS = "@executable_path/Frameworks";
				"LD_RUNPATH_SEARCH_PATHS[sdk=macosx*]" = "@executable_path/../Frameworks";
				MACOSX_DEPLOYMENT_TARGET = 14.0;
				MARKETING_VERSION = 1.0;
				PRODUCT_BUNDLE_IDENTIFIER = com.pmanot.Compendium;
				PRODUCT_NAME = "$(TARGET_NAME)";
				SDKROOT = auto;
				SUPPORTED_PLATFORMS = "iphoneos iphonesimulator macosx";
				SWIFT_EMIT_LOC_STRINGS = YES;
				SWIFT_VERSION = 5.0;
				TARGETED_DEVICE_FAMILY = "1,2";
			};
			name = Release;
		};
/* End XCBuildConfiguration section */

/* Begin XCConfigurationList section */
		9883A6D32C42B813002B03F2 /* Build configuration list for PBXProject "Compendium" */ = {
			isa = XCConfigurationList;
			buildConfigurations = (
				9883A6E52C42B815002B03F2 /* Debug */,
				9883A6E62C42B815002B03F2 /* Release */,
			);
			defaultConfigurationIsVisible = 0;
			defaultConfigurationName = Release;
		};
		9883A6E72C42B815002B03F2 /* Build configuration list for PBXNativeTarget "Compendium" */ = {
			isa = XCConfigurationList;
			buildConfigurations = (
				9883A6E82C42B815002B03F2 /* Debug */,
				9883A6E92C42B815002B03F2 /* Release */,
			);
			defaultConfigurationIsVisible = 0;
			defaultConfigurationName = Release;
		};
/* End XCConfigurationList section */

/* Begin XCRemoteSwiftPackageReference section */
		980FBD162DCB65C70035C48B /* XCRemoteSwiftPackageReference "camera" */ = {
			isa = XCRemoteSwiftPackageReference;
			repositoryURL = "https://github.com/pmanot/camera";
			requirement = {
				branch = main;
				kind = branch;
			};
		};
		980FBE872DCD82D70035C48B /* XCRemoteSwiftPackageReference "Media" */ = {
			isa = XCRemoteSwiftPackageReference;
			repositoryURL = "https://github.com/vmanot/Media";
			requirement = {
				branch = main;
				kind = branch;
			};
		};
		9813EAAD2C42DCA2003CEAF5 /* XCRemoteSwiftPackageReference "device" */ = {
			isa = XCRemoteSwiftPackageReference;
			repositoryURL = "https://github.com/pmanot/device";
			requirement = {
				branch = main;
				kind = branch;
			};
		};
		9883A6EA2C42B836002B03F2 /* XCRemoteSwiftPackageReference "AI" */ = {
			isa = XCRemoteSwiftPackageReference;
			repositoryURL = "https://github.com/PreternaturalAI/AI";
			requirement = {
				branch = main;
				kind = branch;
			};
		};
		9883A6F72C42B8B2002B03F2 /* XCRemoteSwiftPackageReference "Browser" */ = {
			isa = XCRemoteSwiftPackageReference;
			repositoryURL = "https://github.com/pmanot/Browser";
			requirement = {
				branch = main;
				kind = branch;
			};
		};
/* End XCRemoteSwiftPackageReference section */

/* Begin XCSwiftPackageProductDependency section */
		980FBD172DCB65C70035C48B /* Camera */ = {
			isa = XCSwiftPackageProductDependency;
			package = 980FBD162DCB65C70035C48B /* XCRemoteSwiftPackageReference "camera" */;
			productName = Camera;
		};
		980FBE882DCD82D70035C48B /* Media */ = {
			isa = XCSwiftPackageProductDependency;
			package = 980FBE872DCD82D70035C48B /* XCRemoteSwiftPackageReference "Media" */;
			productName = Media;
		};
		9813EAAE2C42DCA2003CEAF5 /* Device */ = {
			isa = XCSwiftPackageProductDependency;
			package = 9813EAAD2C42DCA2003CEAF5 /* XCRemoteSwiftPackageReference "device" */;
			productName = Device;
		};
		9883A6EB2C42B836002B03F2 /* AI */ = {
			isa = XCSwiftPackageProductDependency;
			package = 9883A6EA2C42B836002B03F2 /* XCRemoteSwiftPackageReference "AI" */;
			productName = AI;
		};
		9883A6ED2C42B836002B03F2 /* Anthropic */ = {
			isa = XCSwiftPackageProductDependency;
			package = 9883A6EA2C42B836002B03F2 /* XCRemoteSwiftPackageReference "AI" */;
			productName = Anthropic;
		};
		9883A6EF2C42B836002B03F2 /* OpenAI */ = {
			isa = XCSwiftPackageProductDependency;
			package = 9883A6EA2C42B836002B03F2 /* XCRemoteSwiftPackageReference "AI" */;
			productName = OpenAI;
		};
		9883A6F82C42B8B2002B03F2 /* Browser */ = {
			isa = XCSwiftPackageProductDependency;
			package = 9883A6F72C42B8B2002B03F2 /* XCRemoteSwiftPackageReference "Browser" */;
			productName = Browser;
		};
/* End XCSwiftPackageProductDependency section */
	};
	rootObject = 9883A6D02C42B813002B03F2 /* Project object */;
}
